// !$*UTF8*$!
{
	archiveVersion = 1;
	classes = {
	};
	objectVersion = 50;
	objects = {

/* Begin PBXBuildFile section */
		ACB2A8EA2216D470003CFE9F /* AppDelegate.swift in Sources */ = {isa = PBXBuildFile; fileRef = ACB2A8E92216D470003CFE9F /* AppDelegate.swift */; };
		ACB2A8EC2216D470003CFE9F /* FolderViewController.swift in Sources */ = {isa = PBXBuildFile; fileRef = ACB2A8EB2216D470003CFE9F /* FolderViewController.swift */; };
		ACB2A8EF2216D470003CFE9F /* Main.storyboard in Resources */ = {isa = PBXBuildFile; fileRef = ACB2A8ED2216D470003CFE9F /* Main.storyboard */; };
		ACB2A8F22216D470003CFE9F /* Record_Aplus.xcdatamodeld in Sources */ = {isa = PBXBuildFile; fileRef = ACB2A8F02216D470003CFE9F /* Record_Aplus.xcdatamodeld */; };
		ACB2A8F42216D471003CFE9F /* Assets.xcassets in Resources */ = {isa = PBXBuildFile; fileRef = ACB2A8F32216D471003CFE9F /* Assets.xcassets */; };
		ACB2A8F72216D471003CFE9F /* LaunchScreen.storyboard in Resources */ = {isa = PBXBuildFile; fileRef = ACB2A8F52216D471003CFE9F /* LaunchScreen.storyboard */; };
		ACB2A8FF2216D4BE003CFE9F /* FolderCollectionViewCell.swift in Sources */ = {isa = PBXBuildFile; fileRef = ACB2A8FE2216D4BE003CFE9F /* FolderCollectionViewCell.swift */; };
		ACB2A9052216E343003CFE9F /* RecordFileViewController.swift in Sources */ = {isa = PBXBuildFile; fileRef = ACB2A9042216E343003CFE9F /* RecordFileViewController.swift */; };
		ACB2A9072216E36B003CFE9F /* RecordFileTableViewCell.swift in Sources */ = {isa = PBXBuildFile; fileRef = ACB2A9062216E36B003CFE9F /* RecordFileTableViewCell.swift */; };
		ACB2A9092216F044003CFE9F /* RecordingTableViewCell.swift in Sources */ = {isa = PBXBuildFile; fileRef = ACB2A9082216F044003CFE9F /* RecordingTableViewCell.swift */; };
		ACB2A90B2216F05E003CFE9F /* RecordingViewController.swift in Sources */ = {isa = PBXBuildFile; fileRef = ACB2A90A2216F05E003CFE9F /* RecordingViewController.swift */; };
		ACB2A90D2216F52B003CFE9F /* AudioPlayViewController.swift in Sources */ = {isa = PBXBuildFile; fileRef = ACB2A90C2216F52B003CFE9F /* AudioPlayViewController.swift */; };
		ACB2A90F2216F53C003CFE9F /* AudioPlayTableViewCell.swift in Sources */ = {isa = PBXBuildFile; fileRef = ACB2A90E2216F53C003CFE9F /* AudioPlayTableViewCell.swift */; };
/* End PBXBuildFile section */

/* Begin PBXFileReference section */
		ACB2A8E62216D470003CFE9F /* Record_Aplus.app */ = {isa = PBXFileReference; explicitFileType = wrapper.application; includeInIndex = 0; path = Record_Aplus.app; sourceTree = BUILT_PRODUCTS_DIR; };
		ACB2A8E92216D470003CFE9F /* AppDelegate.swift */ = {isa = PBXFileReference; lastKnownFileType = sourcecode.swift; path = AppDelegate.swift; sourceTree = "<group>"; };
		ACB2A8EB2216D470003CFE9F /* FolderViewController.swift */ = {isa = PBXFileReference; lastKnownFileType = sourcecode.swift; path = FolderViewController.swift; sourceTree = "<group>"; };
		ACB2A8EE2216D470003CFE9F /* Base */ = {isa = PBXFileReference; lastKnownFileType = file.storyboard; name = Base; path = Base.lproj/Main.storyboard; sourceTree = "<group>"; };
		ACB2A8F12216D470003CFE9F /* Record_Aplus.xcdatamodel */ = {isa = PBXFileReference; lastKnownFileType = wrapper.xcdatamodel; path = Record_Aplus.xcdatamodel; sourceTree = "<group>"; };
		ACB2A8F32216D471003CFE9F /* Assets.xcassets */ = {isa = PBXFileReference; lastKnownFileType = folder.assetcatalog; path = Assets.xcassets; sourceTree = "<group>"; };
		ACB2A8F62216D471003CFE9F /* Base */ = {isa = PBXFileReference; lastKnownFileType = file.storyboard; name = Base; path = Base.lproj/LaunchScreen.storyboard; sourceTree = "<group>"; };
		ACB2A8F82216D471003CFE9F /* Info.plist */ = {isa = PBXFileReference; lastKnownFileType = text.plist.xml; path = Info.plist; sourceTree = "<group>"; };
		ACB2A8FE2216D4BE003CFE9F /* FolderCollectionViewCell.swift */ = {isa = PBXFileReference; lastKnownFileType = sourcecode.swift; path = FolderCollectionViewCell.swift; sourceTree = "<group>"; };
		ACB2A9042216E343003CFE9F /* RecordFileViewController.swift */ = {isa = PBXFileReference; lastKnownFileType = sourcecode.swift; path = RecordFileViewController.swift; sourceTree = "<group>"; };
		ACB2A9062216E36B003CFE9F /* RecordFileTableViewCell.swift */ = {isa = PBXFileReference; lastKnownFileType = sourcecode.swift; path = RecordFileTableViewCell.swift; sourceTree = "<group>"; };
		ACB2A9082216F044003CFE9F /* RecordingTableViewCell.swift */ = {isa = PBXFileReference; lastKnownFileType = sourcecode.swift; path = RecordingTableViewCell.swift; sourceTree = "<group>"; };
		ACB2A90A2216F05E003CFE9F /* RecordingViewController.swift */ = {isa = PBXFileReference; lastKnownFileType = sourcecode.swift; path = RecordingViewController.swift; sourceTree = "<group>"; };
		ACB2A90C2216F52B003CFE9F /* AudioPlayViewController.swift */ = {isa = PBXFileReference; lastKnownFileType = sourcecode.swift; path = AudioPlayViewController.swift; sourceTree = "<group>"; };
		ACB2A90E2216F53C003CFE9F /* AudioPlayTableViewCell.swift */ = {isa = PBXFileReference; lastKnownFileType = sourcecode.swift; path = AudioPlayTableViewCell.swift; sourceTree = "<group>"; };
/* End PBXFileReference section */

/* Begin PBXFrameworksBuildPhase section */
		ACB2A8E32216D470003CFE9F /* Frameworks */ = {
			isa = PBXFrameworksBuildPhase;
			buildActionMask = 2147483647;
			files = (
			);
			runOnlyForDeploymentPostprocessing = 0;
		};
/* End PBXFrameworksBuildPhase section */

/* Begin PBXGroup section */
		ACB2A8DD2216D470003CFE9F = {
			isa = PBXGroup;
			children = (
				ACB2A8E82216D470003CFE9F /* Record_Aplus */,
				ACB2A8E72216D470003CFE9F /* Products */,
			);
			sourceTree = "<group>";
		};
		ACB2A8E72216D470003CFE9F /* Products */ = {
			isa = PBXGroup;
			children = (
				ACB2A8E62216D470003CFE9F /* Record_Aplus.app */,
			);
			name = Products;
			sourceTree = "<group>";
		};
		ACB2A8E82216D470003CFE9F /* Record_Aplus */ = {
			isa = PBXGroup;
			children = (
				ACB2A8E92216D470003CFE9F /* AppDelegate.swift */,
				ACB2A8EB2216D470003CFE9F /* FolderViewController.swift */,
				ACB2A8FE2216D4BE003CFE9F /* FolderCollectionViewCell.swift */,
				ACB2A9042216E343003CFE9F /* RecordFileViewController.swift */,
				ACB2A9062216E36B003CFE9F /* RecordFileTableViewCell.swift */,
				ACB2A90A2216F05E003CFE9F /* RecordingViewController.swift */,
				ACB2A9082216F044003CFE9F /* RecordingTableViewCell.swift */,
				ACB2A90C2216F52B003CFE9F /* AudioPlayViewController.swift */,
				ACB2A90E2216F53C003CFE9F /* AudioPlayTableViewCell.swift */,
				ACB2A8ED2216D470003CFE9F /* Main.storyboard */,
				ACB2A8F32216D471003CFE9F /* Assets.xcassets */,
				ACB2A8F52216D471003CFE9F /* LaunchScreen.storyboard */,
				ACB2A8F82216D471003CFE9F /* Info.plist */,
				ACB2A8F02216D470003CFE9F /* Record_Aplus.xcdatamodeld */,
			);
			path = Record_Aplus;
			sourceTree = "<group>";
		};
/* End PBXGroup section */

/* Begin PBXNativeTarget section */
		ACB2A8E52216D470003CFE9F /* Record_Aplus */ = {
			isa = PBXNativeTarget;
			buildConfigurationList = ACB2A8FB2216D471003CFE9F /* Build configuration list for PBXNativeTarget "Record_Aplus" */;
			buildPhases = (
				ACB2A8E22216D470003CFE9F /* Sources */,
				ACB2A8E32216D470003CFE9F /* Frameworks */,
				ACB2A8E42216D470003CFE9F /* Resources */,
			);
			buildRules = (
			);
			dependencies = (
			);
			name = Record_Aplus;
			productName = Record_Aplus;
			productReference = ACB2A8E62216D470003CFE9F /* Record_Aplus.app */;
			productType = "com.apple.product-type.application";
		};
/* End PBXNativeTarget section */

/* Begin PBXProject section */
		ACB2A8DE2216D470003CFE9F /* Project object */ = {
			isa = PBXProject;
			attributes = {
				LastSwiftUpdateCheck = 1010;
				LastUpgradeCheck = 1010;
				ORGANIZATIONNAME = MBP01;
				TargetAttributes = {
					ACB2A8E52216D470003CFE9F = {
						CreatedOnToolsVersion = 10.1;
					};
				};
			};
			buildConfigurationList = ACB2A8E12216D470003CFE9F /* Build configuration list for PBXProject "Record_Aplus" */;
			compatibilityVersion = "Xcode 9.3";
			developmentRegion = en;
			hasScannedForEncodings = 0;
			knownRegions = (
				en,
				Base,
			);
			mainGroup = ACB2A8DD2216D470003CFE9F;
			productRefGroup = ACB2A8E72216D470003CFE9F /* Products */;
			projectDirPath = "";
			projectRoot = "";
			targets = (
				ACB2A8E52216D470003CFE9F /* Record_Aplus */,
			);
		};
/* End PBXProject section */

/* Begin PBXResourcesBuildPhase section */
		ACB2A8E42216D470003CFE9F /* Resources */ = {
			isa = PBXResourcesBuildPhase;
			buildActionMask = 2147483647;
			files = (
				ACB2A8F72216D471003CFE9F /* LaunchScreen.storyboard in Resources */,
				ACB2A8F42216D471003CFE9F /* Assets.xcassets in Resources */,
				ACB2A8EF2216D470003CFE9F /* Main.storyboard in Resources */,
			);
			runOnlyForDeploymentPostprocessing = 0;
		};
/* End PBXResourcesBuildPhase section */

/* Begin PBXSourcesBuildPhase section */
		ACB2A8E22216D470003CFE9F /* Sources */ = {
			isa = PBXSourcesBuildPhase;
			buildActionMask = 2147483647;
			files = (
				ACB2A8FF2216D4BE003CFE9F /* FolderCollectionViewCell.swift in Sources */,
				ACB2A8EC2216D470003CFE9F /* FolderViewController.swift in Sources */,
				ACB2A90D2216F52B003CFE9F /* AudioPlayViewController.swift in Sources */,
				ACB2A9072216E36B003CFE9F /* RecordFileTableViewCell.swift in Sources */,
				ACB2A90F2216F53C003CFE9F /* AudioPlayTableViewCell.swift in Sources */,
				ACB2A9052216E343003CFE9F /* RecordFileViewController.swift in Sources */,
				ACB2A90B2216F05E003CFE9F /* RecordingViewController.swift in Sources */,
				ACB2A8F22216D470003CFE9F /* Record_Aplus.xcdatamodeld in Sources */,
				ACB2A8EA2216D470003CFE9F /* AppDelegate.swift in Sources */,
				ACB2A9092216F044003CFE9F /* RecordingTableViewCell.swift in Sources */,
			);
			runOnlyForDeploymentPostprocessing = 0;
		};
/* End PBXSourcesBuildPhase section */

/* Begin PBXVariantGroup section */
		ACB2A8ED2216D470003CFE9F /* Main.storyboard */ = {
			isa = PBXVariantGroup;
			children = (
				ACB2A8EE2216D470003CFE9F /* Base */,
			);
			name = Main.storyboard;
			sourceTree = "<group>";
		};
		ACB2A8F52216D471003CFE9F /* LaunchScreen.storyboard */ = {
			isa = PBXVariantGroup;
			children = (
				ACB2A8F62216D471003CFE9F /* Base */,
			);
			name = LaunchScreen.storyboard;
			sourceTree = "<group>";
		};
/* End PBXVariantGroup section */

/* Begin XCBuildConfiguration section */
		ACB2A8F92216D471003CFE9F /* Debug */ = {
			isa = XCBuildConfiguration;
			buildSettings = {
				ALWAYS_SEARCH_USER_PATHS = NO;
				CLANG_ANALYZER_NONNULL = YES;
				CLANG_ANALYZER_NUMBER_OBJECT_CONVERSION = YES_AGGRESSIVE;
				CLANG_CXX_LANGUAGE_STANDARD = "gnu++14";
				CLANG_CXX_LIBRARY = "libc++";
				CLANG_ENABLE_MODULES = YES;
				CLANG_ENABLE_OBJC_ARC = YES;
				CLANG_ENABLE_OBJC_WEAK = YES;
				CLANG_WARN_BLOCK_CAPTURE_AUTORELEASING = YES;
				CLANG_WARN_BOOL_CONVERSION = YES;
				CLANG_WARN_COMMA = YES;
				CLANG_WARN_CONSTANT_CONVERSION = YES;
				CLANG_WARN_DEPRECATED_OBJC_IMPLEMENTATIONS = YES;
				CLANG_WARN_DIRECT_OBJC_ISA_USAGE = YES_ERROR;
				CLANG_WARN_DOCUMENTATION_COMMENTS = YES;
				CLANG_WARN_EMPTY_BODY = YES;
				CLANG_WARN_ENUM_CONVERSION = YES;
				CLANG_WARN_INFINITE_RECURSION = YES;
				CLANG_WARN_INT_CONVERSION = YES;
				CLANG_WARN_NON_LITERAL_NULL_CONVERSION = YES;
				CLANG_WARN_OBJC_IMPLICIT_RETAIN_SELF = YES;
				CLANG_WARN_OBJC_LITERAL_CONVERSION = YES;
				CLANG_WARN_OBJC_ROOT_CLASS = YES_ERROR;
				CLANG_WARN_RANGE_LOOP_ANALYSIS = YES;
				CLANG_WARN_STRICT_PROTOTYPES = YES;
				CLANG_WARN_SUSPICIOUS_MOVE = YES;
				CLANG_WARN_UNGUARDED_AVAILABILITY = YES_AGGRESSIVE;
				CLANG_WARN_UNREACHABLE_CODE = YES;
				CLANG_WARN__DUPLICATE_METHOD_MATCH = YES;
				CODE_SIGN_IDENTITY = "iPhone Developer";
				COPY_PHASE_STRIP = NO;
				DEBUG_INFORMATION_FORMAT = dwarf;
				ENABLE_STRICT_OBJC_MSGSEND = YES;
				ENABLE_TESTABILITY = YES;
				GCC_C_LANGUAGE_STANDARD = gnu11;
				GCC_DYNAMIC_NO_PIC = NO;
				GCC_NO_COMMON_BLOCKS = YES;
				GCC_OPTIMIZATION_LEVEL = 0;
				GCC_PREPROCESSOR_DEFINITIONS = (
					"DEBUG=1",
					"$(inherited)",
				);
				GCC_WARN_64_TO_32_BIT_CONVERSION = YES;
				GCC_WARN_ABOUT_RETURN_TYPE = YES_ERROR;
				GCC_WARN_UNDECLARED_SELECTOR = YES;
				GCC_WARN_UNINITIALIZED_AUTOS = YES_AGGRESSIVE;
				GCC_WARN_UNUSED_FUNCTION = YES;
				GCC_WARN_UNUSED_VARIABLE = YES;
				IPHONEOS_DEPLOYMENT_TARGET = 12.1;
				MTL_ENABLE_DEBUG_INFO = INCLUDE_SOURCE;
				MTL_FAST_MATH = YES;
				ONLY_ACTIVE_ARCH = YES;
				SDKROOT = iphoneos;
				SWIFT_ACTIVE_COMPILATION_CONDITIONS = DEBUG;
				SWIFT_OPTIMIZATION_LEVEL = "-Onone";
			};
			name = Debug;
		};
		ACB2A8FA2216D471003CFE9F /* Release */ = {
			isa = XCBuildConfiguration;
			buildSettings = {
				ALWAYS_SEARCH_USER_PATHS = NO;
				CLANG_ANALYZER_NONNULL = YES;
				CLANG_ANALYZER_NUMBER_OBJECT_CONVERSION = YES_AGGRESSIVE;
				CLANG_CXX_LANGUAGE_STANDARD = "gnu++14";
				CLANG_CXX_LIBRARY = "libc++";
				CLANG_ENABLE_MODULES = YES;
				CLANG_ENABLE_OBJC_ARC = YES;
				CLANG_ENABLE_OBJC_WEAK = YES;
				CLANG_WARN_BLOCK_CAPTURE_AUTORELEASING = YES;
				CLANG_WARN_BOOL_CONVERSION = YES;
				CLANG_WARN_COMMA = YES;
				CLANG_WARN_CONSTANT_CONVERSION = YES;
				CLANG_WARN_DEPRECATED_OBJC_IMPLEMENTATIONS = YES;
				CLANG_WARN_DIRECT_OBJC_ISA_USAGE = YES_ERROR;
				CLANG_WARN_DOCUMENTATION_COMMENTS = YES;
				CLANG_WARN_EMPTY_BODY = YES;
				CLANG_WARN_ENUM_CONVERSION = YES;
				CLANG_WARN_INFINITE_RECURSION = YES;
				CLANG_WARN_INT_CONVERSION = YES;
				CLANG_WARN_NON_LITERAL_NULL_CONVERSION = YES;
				CLANG_WARN_OBJC_IMPLICIT_RETAIN_SELF = YES;
				CLANG_WARN_OBJC_LITERAL_CONVERSION = YES;
				CLANG_WARN_OBJC_ROOT_CLASS = YES_ERROR;
				CLANG_WARN_RANGE_LOOP_ANALYSIS = YES;
				CLANG_WARN_STRICT_PROTOTYPES = YES;
				CLANG_WARN_SUSPICIOUS_MOVE = YES;
				CLANG_WARN_UNGUARDED_AVAILABILITY = YES_AGGRESSIVE;
				CLANG_WARN_UNREACHABLE_CODE = YES;
				CLANG_WARN__DUPLICATE_METHOD_MATCH = YES;
				CODE_SIGN_IDENTITY = "iPhone Developer";
				COPY_PHASE_STRIP = NO;
				DEBUG_INFORMATION_FORMAT = "dwarf-with-dsym";
				ENABLE_NS_ASSERTIONS = NO;
				ENABLE_STRICT_OBJC_MSGSEND = YES;
				GCC_C_LANGUAGE_STANDARD = gnu11;
				GCC_NO_COMMON_BLOCKS = YES;
				GCC_WARN_64_TO_32_BIT_CONVERSION = YES;
				GCC_WARN_ABOUT_RETURN_TYPE = YES_ERROR;
				GCC_WARN_UNDECLARED_SELECTOR = YES;
				GCC_WARN_UNINITIALIZED_AUTOS = YES_AGGRESSIVE;
				GCC_WARN_UNUSED_FUNCTION = YES;
				GCC_WARN_UNUSED_VARIABLE = YES;
				IPHONEOS_DEPLOYMENT_TARGET = 12.1;
				MTL_ENABLE_DEBUG_INFO = NO;
				MTL_FAST_MATH = YES;
				SDKROOT = iphoneos;
				SWIFT_COMPILATION_MODE = wholemodule;
				SWIFT_OPTIMIZATION_LEVEL = "-O";
				VALIDATE_PRODUCT = YES;
			};
			name = Release;
		};
		ACB2A8FC2216D471003CFE9F /* Debug */ = {
			isa = XCBuildConfiguration;
			buildSettings = {
				ASSETCATALOG_COMPILER_APPICON_NAME = AppIcon;
				CODE_SIGN_STYLE = Automatic;
				DEVELOPMENT_TEAM = LQGYZQQ7LB;
				INFOPLIST_FILE = Record_Aplus/Info.plist;
				LD_RUNPATH_SEARCH_PATHS = (
					"$(inherited)",
					"@executable_path/Frameworks",
				);
				PRODUCT_BUNDLE_IDENTIFIER = "MPB01.Record-Aplus";
				PRODUCT_NAME = "$(TARGET_NAME)";
				SWIFT_VERSION = 4.2;
				TARGETED_DEVICE_FAMILY = "1,2";
			};
			name = Debug;
		};
		ACB2A8FD2216D471003CFE9F /* Release */ = {
			isa = XCBuildConfiguration;
			buildSettings = {
				ASSETCATALOG_COMPILER_APPICON_NAME = AppIcon;
				CODE_SIGN_STYLE = Automatic;
				DEVELOPMENT_TEAM = LQGYZQQ7LB;
				INFOPLIST_FILE = Record_Aplus/Info.plist;
				LD_RUNPATH_SEARCH_PATHS = (
					"$(inherited)",
					"@executable_path/Frameworks",
				);
				PRODUCT_BUNDLE_IDENTIFIER = "MPB01.Record-Aplus";
				PRODUCT_NAME = "$(TARGET_NAME)";
				SWIFT_VERSION = 4.2;
				TARGETED_DEVICE_FAMILY = "1,2";
			};
			name = Release;
		};
/* End XCBuildConfiguration section */

/* Begin XCConfigurationList section */
		ACB2A8E12216D470003CFE9F /* Build configuration list for PBXProject "Record_Aplus" */ = {
			isa = XCConfigurationList;
			buildConfigurations = (
				ACB2A8F92216D471003CFE9F /* Debug */,
				ACB2A8FA2216D471003CFE9F /* Release */,
			);
			defaultConfigurationIsVisible = 0;
			defaultConfigurationName = Release;
		};
		ACB2A8FB2216D471003CFE9F /* Build configuration list for PBXNativeTarget "Record_Aplus" */ = {
			isa = XCConfigurationList;
			buildConfigurations = (
				ACB2A8FC2216D471003CFE9F /* Debug */,
				ACB2A8FD2216D471003CFE9F /* Release */,
			);
			defaultConfigurationIsVisible = 0;
			defaultConfigurationName = Release;
		};
/* End XCConfigurationList section */

/* Begin XCVersionGroup section */
		ACB2A8F02216D470003CFE9F /* Record_Aplus.xcdatamodeld */ = {
			isa = XCVersionGroup;
			children = (
				ACB2A8F12216D470003CFE9F /* Record_Aplus.xcdatamodel */,
			);
			currentVersion = ACB2A8F12216D470003CFE9F /* Record_Aplus.xcdatamodel */;
			path = Record_Aplus.xcdatamodeld;
			sourceTree = "<group>";
			versionGroupType = wrapper.xcdatamodel;
		};
/* End XCVersionGroup section */
	};
	rootObject = ACB2A8DE2216D470003CFE9F /* Project object */;
}
